# This file is automatically @generated by Cargo.
# It is not intended for manual editing.
[[package]]
name = "dpend_rs"
version = "0.1.0"
dependencies = [
 "dtasm_abi",
 "flatbuffers",
 "lazy_static",
 "libc",
]

[[package]]
name = "dtasm_abi"
version = "0.1.0"
dependencies = [
 "flatbuffers",
]

[[package]]
name = "flatbuffers"
version = "0.6.2"
dependencies = [
 "smallvec",
]

[[package]]
name = "lazy_static"
version = "1.4.0"
source = "registry+https://github.com/rust-lang/crates.io-index"
checksum = "e2abad23fbc42b3700f2f279844dc832adb2b2eb069b2df918f455c4e18cc646"

[[package]]
name = "libc"
version = "0.2.85"
source = "registry+https://github.com/rust-lang/crates.io-index"
checksum = "7ccac4b00700875e6a07c6cde370d44d32fa01c5a65cdd2fca6858c479d28bb3"

[[package]]
name = "smallvec"
version = "1.6.1"
source = "registry+https://github.com/rust-lang/crates.io-index"
checksum = "fe0f37c9e8f3c5a4a66ad655a93c74daac4ad00c441533bf5c6e7990bb42604e"
